
Microsoft Visual Studio Solution File, Format Version 12.00
# Visual Studio Version 17
VisualStudioVersion = 17.8.34316.72
MinimumVisualStudioVersion = 10.0.40219.1
Project("{FAE04EC0-301F-11D3-BF4B-00C04F79EFBC}") = "BlazorCirsaAG.Server", "BlazorCirsaAG\Server\BlazorCirsaAG.Server.csproj", "{7359734F-B958-4DA8-AA2C-C081C1D8E5E8}"
EndProject
Project("{FAE04EC0-301F-11D3-BF4B-00C04F79EFBC}") = "BlazorCirsaAG.Client", "BlazorCirsaAG\Client\BlazorCirsaAG.Client.csproj", "{C38B1327-02E5-47E4-8D64-38B7A1A4C107}"
EndProject
Project("{FAE04EC0-301F-11D3-BF4B-00C04F79EFBC}") = "BlazorCirsaAG.Shared", "BlazorCirsaAG\Shared\BlazorCirsaAG.Shared.csproj", "{88E9A740-3675-4A70-8694-AB559A7DAB0D}"
EndProject
Global
	GlobalSection(SolutionConfigurationPlatforms) = preSolution
		Debug|Any CPU = Debug|Any CPU
		Release|Any CPU = Release|Any CPU
	EndGlobalSection
	GlobalSection(ProjectConfigurationPlatforms) = postSolution
		{7359734F-B958-4DA8-AA2C-C081C1D8E5E8}.Debug|Any CPU.ActiveCfg = Debug|Any CPU
		{7359734F-B958-4DA8-AA2C-C081C1D8E5E8}.Debug|Any CPU.Build.0 = Debug|Any CPU
		{7359734F-B958-4DA8-AA2C-C081C1D8E5E8}.Release|Any CPU.ActiveCfg = Release|Any CPU
		{7359734F-B958-4DA8-AA2C-C081C1D8E5E8}.Release|Any CPU.Build.0 = Release|Any CPU
		{C38B1327-02E5-47E4-8D64-38B7A1A4C107}.Debug|Any CPU.ActiveCfg = Debug|Any CPU
		{C38B1327-02E5-47E4-8D64-38B7A1A4C107}.Debug|Any CPU.Build.0 = Debug|Any CPU
		{C38B1327-02E5-47E4-8D64-38B7A1A4C107}.Release|Any CPU.ActiveCfg = Release|Any CPU
		{C38B1327-02E5-47E4-8D64-38B7A1A4C107}.Release|Any CPU.Build.0 = Release|Any CPU
		{88E9A740-3675-4A70-8694-AB559A7DAB0D}.Debug|Any CPU.ActiveCfg = Debug|Any CPU
		{88E9A740-3675-4A70-8694-AB559A7DAB0D}.Debug|Any CPU.Build.0 = Debug|Any CPU
		{88E9A740-3675-4A70-8694-AB559A7DAB0D}.Release|Any CPU.ActiveCfg = Release|Any CPU
		{88E9A740-3675-4A70-8694-AB559A7DAB0D}.Release|Any CPU.Build.0 = Release|Any CPU
	EndGlobalSection
	GlobalSection(SolutionProperties) = preSolution
		HideSolutionNode = FALSE
	EndGlobalSection
	GlobalSection(ExtensibilityGlobals) = postSolution
		SolutionGuid = {B1B414B5-3DE1-48F7-AE14-572D6F7CAE87}
	EndGlobalSection
EndGlobal
